
Microsoft Visual Studio Solution File, Format Version 12.00
# Visual Studio Version 16
VisualStudioVersion = 16.0.30309.148
MinimumVisualStudioVersion = 10.0.40219.1
Project("{FAE04EC0-301F-11D3-BF4B-00C04F79EFBC}") = "QueueSystemSim", "QueueSystemSim\QueueSystemSim.csproj", "{167A75F4-C3A8-4103-A154-4B1CEC9CF28B}"
EndProject
Project("{FAE04EC0-301F-11D3-BF4B-00C04F79EFBC}") = "QueueSystemSimTests1", "QueueSystemSimTests1\QueueSystemSimTests1.csproj", "{299EF90C-C486-4B99-8D99-7A10C77484C2}"
EndProject
Global
	GlobalSection(SolutionConfigurationPlatforms) = preSolution
		Debug|Any CPU = Debug|Any CPU
		Release|Any CPU = Release|Any CPU
	EndGlobalSection
	GlobalSection(ProjectConfigurationPlatforms) = postSolution
		{167A75F4-C3A8-4103-A154-4B1CEC9CF28B}.Debug|Any CPU.ActiveCfg = Debug|Any CPU
		{167A75F4-C3A8-4103-A154-4B1CEC9CF28B}.Debug|Any CPU.Build.0 = Debug|Any CPU
		{167A75F4-C3A8-4103-A154-4B1CEC9CF28B}.Release|Any CPU.ActiveCfg = Release|Any CPU
		{167A75F4-C3A8-4103-A154-4B1CEC9CF28B}.Release|Any CPU.Build.0 = Release|Any CPU
		{299EF90C-C486-4B99-8D99-7A10C77484C2}.Debug|Any CPU.ActiveCfg = Debug|Any CPU
		{299EF90C-C486-4B99-8D99-7A10C77484C2}.Debug|Any CPU.Build.0 = Debug|Any CPU
		{299EF90C-C486-4B99-8D99-7A10C77484C2}.Release|Any CPU.ActiveCfg = Release|Any CPU
		{299EF90C-C486-4B99-8D99-7A10C77484C2}.Release|Any CPU.Build.0 = Release|Any CPU
	EndGlobalSection
	GlobalSection(SolutionProperties) = preSolution
		HideSolutionNode = FALSE
	EndGlobalSection
	GlobalSection(ExtensibilityGlobals) = postSolution
		SolutionGuid = {00DC8EF8-A5E6-4974-9CB1-C61C1CFD8CA9}
	EndGlobalSection
EndGlobal
