
Microsoft Visual Studio Solution File, Format Version 12.00
# Visual Studio Version 16
VisualStudioVersion = 16.0.30309.148
MinimumVisualStudioVersion = 10.0.40219.1
Project("{FAE04EC0-301F-11D3-BF4B-00C04F79EFBC}") = "Mm1Sim", "Mm1Sim\Mm1Sim.csproj", "{9B6A3B46-3FD3-4705-ACC2-C81012E64819}"
EndProject
Project("{FAE04EC0-301F-11D3-BF4B-00C04F79EFBC}") = "QueueSystemSim", "QueueSystemSim\QueueSystemSim.csproj", "{167A75F4-C3A8-4103-A154-4B1CEC9CF28B}"
EndProject
Project("{FAE04EC0-301F-11D3-BF4B-00C04F79EFBC}") = "QueueSystemSimTests", "QueueSystemSimTests\QueueSystemSimTests.csproj", "{3CB29E83-260B-4466-B24D-9DD9AA3DC184}"
EndProject
Global
	GlobalSection(SolutionConfigurationPlatforms) = preSolution
		Debug|Any CPU = Debug|Any CPU
		Release|Any CPU = Release|Any CPU
	EndGlobalSection
	GlobalSection(ProjectConfigurationPlatforms) = postSolution
		{9B6A3B46-3FD3-4705-ACC2-C81012E64819}.Debug|Any CPU.ActiveCfg = Debug|Any CPU
		{9B6A3B46-3FD3-4705-ACC2-C81012E64819}.Debug|Any CPU.Build.0 = Debug|Any CPU
		{9B6A3B46-3FD3-4705-ACC2-C81012E64819}.Release|Any CPU.ActiveCfg = Release|Any CPU
		{9B6A3B46-3FD3-4705-ACC2-C81012E64819}.Release|Any CPU.Build.0 = Release|Any CPU
		{167A75F4-C3A8-4103-A154-4B1CEC9CF28B}.Debug|Any CPU.ActiveCfg = Debug|Any CPU
		{167A75F4-C3A8-4103-A154-4B1CEC9CF28B}.Debug|Any CPU.Build.0 = Debug|Any CPU
		{167A75F4-C3A8-4103-A154-4B1CEC9CF28B}.Release|Any CPU.ActiveCfg = Release|Any CPU
		{167A75F4-C3A8-4103-A154-4B1CEC9CF28B}.Release|Any CPU.Build.0 = Release|Any CPU
		{3CB29E83-260B-4466-B24D-9DD9AA3DC184}.Debug|Any CPU.ActiveCfg = Debug|Any CPU
		{3CB29E83-260B-4466-B24D-9DD9AA3DC184}.Debug|Any CPU.Build.0 = Debug|Any CPU
		{3CB29E83-260B-4466-B24D-9DD9AA3DC184}.Release|Any CPU.ActiveCfg = Release|Any CPU
		{3CB29E83-260B-4466-B24D-9DD9AA3DC184}.Release|Any CPU.Build.0 = Release|Any CPU
	EndGlobalSection
	GlobalSection(SolutionProperties) = preSolution
		HideSolutionNode = FALSE
	EndGlobalSection
	GlobalSection(ExtensibilityGlobals) = postSolution
		SolutionGuid = {00DC8EF8-A5E6-4974-9CB1-C61C1CFD8CA9}
	EndGlobalSection
EndGlobal
